// !$*UTF8*$!
{
	archiveVersion = 1;
	classes = {
	};
	objectVersion = 46;
	objects = {

/* Begin PBXBuildFile section */
		42607DBC1B0519EE003AC6C0 /* AppDelegate.swift in Sources */ = {isa = PBXBuildFile; fileRef = 42607DBB1B0519EE003AC6C0 /* AppDelegate.swift */; };
		42607DBE1B0519EE003AC6C0 /* ViewController.swift in Sources */ = {isa = PBXBuildFile; fileRef = 42607DBD1B0519EE003AC6C0 /* ViewController.swift */; };
		42607DC11B0519EE003AC6C0 /* Main.storyboard in Resources */ = {isa = PBXBuildFile; fileRef = 42607DBF1B0519EE003AC6C0 /* Main.storyboard */; };
		42607DC31B0519EE003AC6C0 /* Images.xcassets in Resources */ = {isa = PBXBuildFile; fileRef = 42607DC21B0519EE003AC6C0 /* Images.xcassets */; };
		42607DC61B0519EE003AC6C0 /* LaunchScreen.xib in Resources */ = {isa = PBXBuildFile; fileRef = 42607DC41B0519EE003AC6C0 /* LaunchScreen.xib */; };
		42607DD21B0519EF003AC6C0 /* Guess_A_NumberTests.swift in Sources */ = {isa = PBXBuildFile; fileRef = 42607DD11B0519EF003AC6C0 /* Guess_A_NumberTests.swift */; };
/* End PBXBuildFile section */

/* Begin PBXContainerItemProxy section */
		42607DCC1B0519EF003AC6C0 /* PBXContainerItemProxy */ = {
			isa = PBXContainerItemProxy;
			containerPortal = 42607DAE1B0519EE003AC6C0 /* Project object */;
			proxyType = 1;
			remoteGlobalIDString = 42607DB51B0519EE003AC6C0;
			remoteInfo = "Guess A Number";
		};
/* End PBXContainerItemProxy section */

/* Begin PBXFileReference section */
		42607DB61B0519EE003AC6C0 /* Guess A Number.app */ = {isa = PBXFileReference; explicitFileType = wrapper.application; includeInIndex = 0; path = "Guess A Number.app"; sourceTree = BUILT_PRODUCTS_DIR; };
		42607DBA1B0519EE003AC6C0 /* Info.plist */ = {isa = PBXFileReference; lastKnownFileType = text.plist.xml; path = Info.plist; sourceTree = "<group>"; };
		42607DBB1B0519EE003AC6C0 /* AppDelegate.swift */ = {isa = PBXFileReference; lastKnownFileType = sourcecode.swift; path = AppDelegate.swift; sourceTree = "<group>"; };
		42607DBD1B0519EE003AC6C0 /* ViewController.swift */ = {isa = PBXFileReference; lastKnownFileType = sourcecode.swift; path = ViewController.swift; sourceTree = "<group>"; };
		42607DC01B0519EE003AC6C0 /* Base */ = {isa = PBXFileReference; lastKnownFileType = file.storyboard; name = Base; path = Base.lproj/Main.storyboard; sourceTree = "<group>"; };
		42607DC21B0519EE003AC6C0 /* Images.xcassets */ = {isa = PBXFileReference; lastKnownFileType = folder.assetcatalog; path = Images.xcassets; sourceTree = "<group>"; };
		42607DC51B0519EE003AC6C0 /* Base */ = {isa = PBXFileReference; lastKnownFileType = file.xib; name = Base; path = Base.lproj/LaunchScreen.xib; sourceTree = "<group>"; };
		42607DCB1B0519EF003AC6C0 /* Guess A NumberTests.xctest */ = {isa = PBXFileReference; explicitFileType = wrapper.cfbundle; includeInIndex = 0; path = "Guess A NumberTests.xctest"; sourceTree = BUILT_PRODUCTS_DIR; };
		42607DD01B0519EF003AC6C0 /* Info.plist */ = {isa = PBXFileReference; lastKnownFileType = text.plist.xml; path = Info.plist; sourceTree = "<group>"; };
		42607DD11B0519EF003AC6C0 /* Guess_A_NumberTests.swift */ = {isa = PBXFileReference; lastKnownFileType = sourcecode.swift; path = Guess_A_NumberTests.swift; sourceTree = "<group>"; };
/* End PBXFileReference section */

/* Begin PBXFrameworksBuildPhase section */
		42607DB31B0519EE003AC6C0 /* Frameworks */ = {
			isa = PBXFrameworksBuildPhase;
			buildActionMask = 2147483647;
			files = (
			);
			runOnlyForDeploymentPostprocessing = 0;
		};
		42607DC81B0519EF003AC6C0 /* Frameworks */ = {
			isa = PBXFrameworksBuildPhase;
			buildActionMask = 2147483647;
			files = (
			);
			runOnlyForDeploymentPostprocessing = 0;
		};
/* End PBXFrameworksBuildPhase section */

/* Begin PBXGroup section */
		42607DAD1B0519EE003AC6C0 = {
			isa = PBXGroup;
			children = (
				42607DB81B0519EE003AC6C0 /* Guess A Number */,
				42607DCE1B0519EF003AC6C0 /* Guess A NumberTests */,
				42607DB71B0519EE003AC6C0 /* Products */,
			);
			sourceTree = "<group>";
		};
		42607DB71B0519EE003AC6C0 /* Products */ = {
			isa = PBXGroup;
			children = (
				42607DB61B0519EE003AC6C0 /* Guess A Number.app */,
				42607DCB1B0519EF003AC6C0 /* Guess A NumberTests.xctest */,
			);
			name = Products;
			sourceTree = "<group>";
		};
		42607DB81B0519EE003AC6C0 /* Guess A Number */ = {
			isa = PBXGroup;
			children = (
				42607DBB1B0519EE003AC6C0 /* AppDelegate.swift */,
				42607DBD1B0519EE003AC6C0 /* ViewController.swift */,
				42607DBF1B0519EE003AC6C0 /* Main.storyboard */,
				42607DC21B0519EE003AC6C0 /* Images.xcassets */,
				42607DC41B0519EE003AC6C0 /* LaunchScreen.xib */,
				42607DB91B0519EE003AC6C0 /* Supporting Files */,
			);
			path = "Guess A Number";
			sourceTree = "<group>";
		};
		42607DB91B0519EE003AC6C0 /* Supporting Files */ = {
			isa = PBXGroup;
			children = (
				42607DBA1B0519EE003AC6C0 /* Info.plist */,
			);
			name = "Supporting Files";
			sourceTree = "<group>";
		};
		42607DCE1B0519EF003AC6C0 /* Guess A NumberTests */ = {
			isa = PBXGroup;
			children = (
				42607DD11B0519EF003AC6C0 /* Guess_A_NumberTests.swift */,
				42607DCF1B0519EF003AC6C0 /* Supporting Files */,
			);
			path = "Guess A NumberTests";
			sourceTree = "<group>";
		};
		42607DCF1B0519EF003AC6C0 /* Supporting Files */ = {
			isa = PBXGroup;
			children = (
				42607DD01B0519EF003AC6C0 /* Info.plist */,
			);
			name = "Supporting Files";
			sourceTree = "<group>";
		};
/* End PBXGroup section */

/* Begin PBXNativeTarget section */
		42607DB51B0519EE003AC6C0 /* Guess A Number */ = {
			isa = PBXNativeTarget;
			buildConfigurationList = 42607DD51B0519EF003AC6C0 /* Build configuration list for PBXNativeTarget "Guess A Number" */;
			buildPhases = (
				42607DB21B0519EE003AC6C0 /* Sources */,
				42607DB31B0519EE003AC6C0 /* Frameworks */,
				42607DB41B0519EE003AC6C0 /* Resources */,
			);
			buildRules = (
			);
			dependencies = (
			);
			name = "Guess A Number";
			productName = "Guess A Number";
			productReference = 42607DB61B0519EE003AC6C0 /* Guess A Number.app */;
			productType = "com.apple.product-type.application";
		};
		42607DCA1B0519EF003AC6C0 /* Guess A NumberTests */ = {
			isa = PBXNativeTarget;
			buildConfigurationList = 42607DD81B0519EF003AC6C0 /* Build configuration list for PBXNativeTarget "Guess A NumberTests" */;
			buildPhases = (
				42607DC71B0519EF003AC6C0 /* Sources */,
				42607DC81B0519EF003AC6C0 /* Frameworks */,
				42607DC91B0519EF003AC6C0 /* Resources */,
			);
			buildRules = (
			);
			dependencies = (
				42607DCD1B0519EF003AC6C0 /* PBXTargetDependency */,
			);
			name = "Guess A NumberTests";
			productName = "Guess A NumberTests";
			productReference = 42607DCB1B0519EF003AC6C0 /* Guess A NumberTests.xctest */;
			productType = "com.apple.product-type.bundle.unit-test";
		};
/* End PBXNativeTarget section */

/* Begin PBXProject section */
		42607DAE1B0519EE003AC6C0 /* Project object */ = {
			isa = PBXProject;
			attributes = {
				LastUpgradeCheck = 0630;
				ORGANIZATIONNAME = "Christine Rose";
				TargetAttributes = {
					42607DB51B0519EE003AC6C0 = {
						CreatedOnToolsVersion = 6.3.1;
					};
					42607DCA1B0519EF003AC6C0 = {
						CreatedOnToolsVersion = 6.3.1;
						TestTargetID = 42607DB51B0519EE003AC6C0;
					};
				};
			};
			buildConfigurationList = 42607DB11B0519EE003AC6C0 /* Build configuration list for PBXProject "Guess A Number" */;
			compatibilityVersion = "Xcode 3.2";
			developmentRegion = English;
			hasScannedForEncodings = 0;
			knownRegions = (
				en,
				Base,
			);
			mainGroup = 42607DAD1B0519EE003AC6C0;
			productRefGroup = 42607DB71B0519EE003AC6C0 /* Products */;
			projectDirPath = "";
			projectRoot = "";
			targets = (
				42607DB51B0519EE003AC6C0 /* Guess A Number */,
				42607DCA1B0519EF003AC6C0 /* Guess A NumberTests */,
			);
		};
/* End PBXProject section */

/* Begin PBXResourcesBuildPhase section */
		42607DB41B0519EE003AC6C0 /* Resources */ = {
			isa = PBXResourcesBuildPhase;
			buildActionMask = 2147483647;
			files = (
				42607DC11B0519EE003AC6C0 /* Main.storyboard in Resources */,
				42607DC61B0519EE003AC6C0 /* LaunchScreen.xib in Resources */,
				42607DC31B0519EE003AC6C0 /* Images.xcassets in Resources */,
			);
			runOnlyForDeploymentPostprocessing = 0;
		};
		42607DC91B0519EF003AC6C0 /* Resources */ = {
			isa = PBXResourcesBuildPhase;
			buildActionMask = 2147483647;
			files = (
			);
			runOnlyForDeploymentPostprocessing = 0;
		};
/* End PBXResourcesBuildPhase section */

/* Begin PBXSourcesBuildPhase section */
		42607DB21B0519EE003AC6C0 /* Sources */ = {
			isa = PBXSourcesBuildPhase;
			buildActionMask = 2147483647;
			files = (
				42607DBE1B0519EE003AC6C0 /* ViewController.swift in Sources */,
				42607DBC1B0519EE003AC6C0 /* AppDelegate.swift in Sources */,
			);
			runOnlyForDeploymentPostprocessing = 0;
		};
		42607DC71B0519EF003AC6C0 /* Sources */ = {
			isa = PBXSourcesBuildPhase;
			buildActionMask = 2147483647;
			files = (
				42607DD21B0519EF003AC6C0 /* Guess_A_NumberTests.swift in Sources */,
			);
			runOnlyForDeploymentPostprocessing = 0;
		};
/* End PBXSourcesBuildPhase section */

/* Begin PBXTargetDependency section */
		42607DCD1B0519EF003AC6C0 /* PBXTargetDependency */ = {
			isa = PBXTargetDependency;
			target = 42607DB51B0519EE003AC6C0 /* Guess A Number */;
			targetProxy = 42607DCC1B0519EF003AC6C0 /* PBXContainerItemProxy */;
		};
/* End PBXTargetDependency section */

/* Begin PBXVariantGroup section */
		42607DBF1B0519EE003AC6C0 /* Main.storyboard */ = {
			isa = PBXVariantGroup;
			children = (
				42607DC01B0519EE003AC6C0 /* Base */,
			);
			name = Main.storyboard;
			sourceTree = "<group>";
		};
		42607DC41B0519EE003AC6C0 /* LaunchScreen.xib */ = {
			isa = PBXVariantGroup;
			children = (
				42607DC51B0519EE003AC6C0 /* Base */,
			);
			name = LaunchScreen.xib;
			sourceTree = "<group>";
		};
/* End PBXVariantGroup section */

/* Begin XCBuildConfiguration section */
		42607DD31B0519EF003AC6C0 /* Debug */ = {
			isa = XCBuildConfiguration;
			buildSettings = {
				ALWAYS_SEARCH_USER_PATHS = NO;
				CLANG_CXX_LANGUAGE_STANDARD = "gnu++0x";
				CLANG_CXX_LIBRARY = "libc++";
				CLANG_ENABLE_MODULES = YES;
				CLANG_ENABLE_OBJC_ARC = YES;
				CLANG_WARN_BOOL_CONVERSION = YES;
				CLANG_WARN_CONSTANT_CONVERSION = YES;
				CLANG_WARN_DIRECT_OBJC_ISA_USAGE = YES_ERROR;
				CLANG_WARN_EMPTY_BODY = YES;
				CLANG_WARN_ENUM_CONVERSION = YES;
				CLANG_WARN_INT_CONVERSION = YES;
				CLANG_WARN_OBJC_ROOT_CLASS = YES_ERROR;
				CLANG_WARN_UNREACHABLE_CODE = YES;
				CLANG_WARN__DUPLICATE_METHOD_MATCH = YES;
				"CODE_SIGN_IDENTITY[sdk=iphoneos*]" = "iPhone Developer";
				COPY_PHASE_STRIP = NO;
				DEBUG_INFORMATION_FORMAT = "dwarf-with-dsym";
				ENABLE_STRICT_OBJC_MSGSEND = YES;
				GCC_C_LANGUAGE_STANDARD = gnu99;
				GCC_DYNAMIC_NO_PIC = NO;
				GCC_NO_COMMON_BLOCKS = YES;
				GCC_OPTIMIZATION_LEVEL = 0;
				GCC_PREPROCESSOR_DEFINITIONS = (
					"DEBUG=1",
					"$(inherited)",
				);
				GCC_SYMBOLS_PRIVATE_EXTERN = NO;
				GCC_WARN_64_TO_32_BIT_CONVERSION = YES;
				GCC_WARN_ABOUT_RETURN_TYPE = YES_ERROR;
				GCC_WARN_UNDECLARED_SELECTOR = YES;
				GCC_WARN_UNINITIALIZED_AUTOS = YES_AGGRESSIVE;
				GCC_WARN_UNUSED_FUNCTION = YES;
				GCC_WARN_UNUSED_VARIABLE = YES;
				IPHONEOS_DEPLOYMENT_TARGET = 8.3;
				MTL_ENABLE_DEBUG_INFO = YES;
				ONLY_ACTIVE_ARCH = YES;
				SDKROOT = iphoneos;
				SWIFT_OPTIMIZATION_LEVEL = "-Onone";
			};
			name = Debug;
		};
		42607DD41B0519EF003AC6C0 /* Release */ = {
			isa = XCBuildConfiguration;
			buildSettings = {
				ALWAYS_SEARCH_USER_PATHS = NO;
				CLANG_CXX_LANGUAGE_STANDARD = "gnu++0x";
				CLANG_CXX_LIBRARY = "libc++";
				CLANG_ENABLE_MODULES = YES;
				CLANG_ENABLE_OBJC_ARC = YES;
				CLANG_WARN_BOOL_CONVERSION = YES;
				CLANG_WARN_CONSTANT_CONVERSION = YES;
				CLANG_WARN_DIRECT_OBJC_ISA_USAGE = YES_ERROR;
				CLANG_WARN_EMPTY_BODY = YES;
				CLANG_WARN_ENUM_CONVERSION = YES;
				CLANG_WARN_INT_CONVERSION = YES;
				CLANG_WARN_OBJC_ROOT_CLASS = YES_ERROR;
				CLANG_WARN_UNREACHABLE_CODE = YES;
				CLANG_WARN__DUPLICATE_METHOD_MATCH = YES;
				"CODE_SIGN_IDENTITY[sdk=iphoneos*]" = "iPhone Developer";
				COPY_PHASE_STRIP = NO;
				DEBUG_INFORMATION_FORMAT = "dwarf-with-dsym";
				ENABLE_NS_ASSERTIONS = NO;
				ENABLE_STRICT_OBJC_MSGSEND = YES;
				GCC_C_LANGUAGE_STANDARD = gnu99;
				GCC_NO_COMMON_BLOCKS = YES;
				GCC_WARN_64_TO_32_BIT_CONVERSION = YES;
				GCC_WARN_ABOUT_RETURN_TYPE = YES_ERROR;
				GCC_WARN_UNDECLARED_SELECTOR = YES;
				GCC_WARN_UNINITIALIZED_AUTOS = YES_AGGRESSIVE;
				GCC_WARN_UNUSED_FUNCTION = YES;
				GCC_WARN_UNUSED_VARIABLE = YES;
				IPHONEOS_DEPLOYMENT_TARGET = 8.3;
				MTL_ENABLE_DEBUG_INFO = NO;
				SDKROOT = iphoneos;
				VALIDATE_PRODUCT = YES;
			};
			name = Release;
		};
		42607DD61B0519EF003AC6C0 /* Debug */ = {
			isa = XCBuildConfiguration;
			buildSettings = {
				ASSETCATALOG_COMPILER_APPICON_NAME = AppIcon;
				INFOPLIST_FILE = "Guess A Number/Info.plist";
				LD_RUNPATH_SEARCH_PATHS = "$(inherited) @executable_path/Frameworks";
				PRODUCT_NAME = "$(TARGET_NAME)";
			};
			name = Debug;
		};
		42607DD71B0519EF003AC6C0 /* Release */ = {
			isa = XCBuildConfiguration;
			buildSettings = {
				ASSETCATALOG_COMPILER_APPICON_NAME = AppIcon;
				INFOPLIST_FILE = "Guess A Number/Info.plist";
				LD_RUNPATH_SEARCH_PATHS = "$(inherited) @executable_path/Frameworks";
				PRODUCT_NAME = "$(TARGET_NAME)";
			};
			name = Release;
		};
		42607DD91B0519EF003AC6C0 /* Debug */ = {
			isa = XCBuildConfiguration;
			buildSettings = {
				BUNDLE_LOADER = "$(TEST_HOST)";
				FRAMEWORK_SEARCH_PATHS = (
					"$(SDKROOT)/Developer/Library/Frameworks",
					"$(inherited)",
				);
				GCC_PREPROCESSOR_DEFINITIONS = (
					"DEBUG=1",
					"$(inherited)",
				);
				INFOPLIST_FILE = "Guess A NumberTests/Info.plist";
				LD_RUNPATH_SEARCH_PATHS = "$(inherited) @executable_path/Frameworks @loader_path/Frameworks";
				PRODUCT_NAME = "$(TARGET_NAME)";
				TEST_HOST = "$(BUILT_PRODUCTS_DIR)/Guess A Number.app/Guess A Number";
			};
			name = Debug;
		};
		42607DDA1B0519EF003AC6C0 /* Release */ = {
			isa = XCBuildConfiguration;
			buildSettings = {
				BUNDLE_LOADER = "$(TEST_HOST)";
				FRAMEWORK_SEARCH_PATHS = (
					"$(SDKROOT)/Developer/Library/Frameworks",
					"$(inherited)",
				);
				INFOPLIST_FILE = "Guess A NumberTests/Info.plist";
				LD_RUNPATH_SEARCH_PATHS = "$(inherited) @executable_path/Frameworks @loader_path/Frameworks";
				PRODUCT_NAME = "$(TARGET_NAME)";
				TEST_HOST = "$(BUILT_PRODUCTS_DIR)/Guess A Number.app/Guess A Number";
			};
			name = Release;
		};
/* End XCBuildConfiguration section */

/* Begin XCConfigurationList section */
		42607DB11B0519EE003AC6C0 /* Build configuration list for PBXProject "Guess A Number" */ = {
			isa = XCConfigurationList;
			buildConfigurations = (
				42607DD31B0519EF003AC6C0 /* Debug */,
				42607DD41B0519EF003AC6C0 /* Release */,
			);
			defaultConfigurationIsVisible = 0;
			defaultConfigurationName = Release;
		};
		42607DD51B0519EF003AC6C0 /* Build configuration list for PBXNativeTarget "Guess A Number" */ = {
			isa = XCConfigurationList;
			buildConfigurations = (
				42607DD61B0519EF003AC6C0 /* Debug */,
				42607DD71B0519EF003AC6C0 /* Release */,
			);
			defaultConfigurationIsVisible = 0;
		};
		42607DD81B0519EF003AC6C0 /* Build configuration list for PBXNativeTarget "Guess A NumberTests" */ = {
			isa = XCConfigurationList;
			buildConfigurations = (
				42607DD91B0519EF003AC6C0 /* Debug */,
				42607DDA1B0519EF003AC6C0 /* Release */,
			);
			defaultConfigurationIsVisible = 0;
		};
/* End XCConfigurationList section */
	};
	rootObject = 42607DAE1B0519EE003AC6C0 /* Project object */;
}
